
Microsoft Visual Studio Solution File, Format Version 12.00
# Visual Studio Version 16
VisualStudioVersion = 16.0.31613.86
MinimumVisualStudioVersion = 10.0.40219.1
Project("{FAE04EC0-301F-11D3-BF4B-00C04F79EFBC}") = "WindowsFormsApp1", "WindowsFormsApp1\WindowsFormsApp1.csproj", "{BBBDC1B0-CFED-4848-BDAD-C3824BCAF9BB}"
EndProject
Global
	GlobalSection(SolutionConfigurationPlatforms) = preSolution
		Debug|Any CPU = Debug|Any CPU
		Release|Any CPU = Release|Any CPU
	EndGlobalSection
	GlobalSection(ProjectConfigurationPlatforms) = postSolution
		{BBBDC1B0-CFED-4848-BDAD-C3824BCAF9BB}.Debug|Any CPU.ActiveCfg = Debug|Any CPU
		{BBBDC1B0-CFED-4848-BDAD-C3824BCAF9BB}.Debug|Any CPU.Build.0 = Debug|Any CPU
		{BBBDC1B0-CFED-4848-BDAD-C3824BCAF9BB}.Release|Any CPU.ActiveCfg = Release|Any CPU
		{BBBDC1B0-CFED-4848-BDAD-C3824BCAF9BB}.Release|Any CPU.Build.0 = Release|Any CPU
	EndGlobalSection
	GlobalSection(SolutionProperties) = preSolution
		HideSolutionNode = FALSE
	EndGlobalSection
	GlobalSection(ExtensibilityGlobals) = postSolution
		SolutionGuid = {763F5598-ADC9-4FEB-A12A-D86E80B06A4C}
	EndGlobalSection
EndGlobal
